
Microsoft Visual Studio Solution File, Format Version 12.00
# Visual Studio 15
VisualStudioVersion = 15.0.26906.1
MinimumVisualStudioVersion = 10.0.40219.1
Project("{9A19103F-16F7-4668-BE54-9A1E7A4F7556}") = "receipt-api", "receipt-api\receipt-api.csproj", "{B0DE1B59-CA33-4031-817D-F9D95682409A}"
EndProject
Global
	GlobalSection(SolutionConfigurationPlatforms) = preSolution
		Debug|Any CPU = Debug|Any CPU
		Release|Any CPU = Release|Any CPU
	EndGlobalSection
	GlobalSection(ProjectConfigurationPlatforms) = postSolution
		{B0DE1B59-CA33-4031-817D-F9D95682409A}.Debug|Any CPU.ActiveCfg = Debug|Any CPU
		{B0DE1B59-CA33-4031-817D-F9D95682409A}.Debug|Any CPU.Build.0 = Debug|Any CPU
		{B0DE1B59-CA33-4031-817D-F9D95682409A}.Release|Any CPU.ActiveCfg = Release|Any CPU
		{B0DE1B59-CA33-4031-817D-F9D95682409A}.Release|Any CPU.Build.0 = Release|Any CPU
	EndGlobalSection
	GlobalSection(SolutionProperties) = preSolution
		HideSolutionNode = FALSE
	EndGlobalSection
	GlobalSection(ExtensibilityGlobals) = postSolution
		SolutionGuid = {ECEB53F7-C04D-4EA7-B7E9-02AE6ACA5E01}
	EndGlobalSection
EndGlobal
